
Microsoft Visual Studio Solution File, Format Version 12.00
# Visual Studio Version 16
VisualStudioVersion = 16.0.29503.13
MinimumVisualStudioVersion = 10.0.40219.1
Project("{FAE04EC0-301F-11D3-BF4B-00C04F79EFBC}") = "DrillStep140", "DrillStep140\DrillStep140.csproj", "{C24BA8DD-6D2D-494A-BB88-95C0EA5332CD}"
EndProject
Global
	GlobalSection(SolutionConfigurationPlatforms) = preSolution
		Debug|Any CPU = Debug|Any CPU
		Release|Any CPU = Release|Any CPU
	EndGlobalSection
	GlobalSection(ProjectConfigurationPlatforms) = postSolution
		{C24BA8DD-6D2D-494A-BB88-95C0EA5332CD}.Debug|Any CPU.ActiveCfg = Debug|Any CPU
		{C24BA8DD-6D2D-494A-BB88-95C0EA5332CD}.Debug|Any CPU.Build.0 = Debug|Any CPU
		{C24BA8DD-6D2D-494A-BB88-95C0EA5332CD}.Release|Any CPU.ActiveCfg = Release|Any CPU
		{C24BA8DD-6D2D-494A-BB88-95C0EA5332CD}.Release|Any CPU.Build.0 = Release|Any CPU
	EndGlobalSection
	GlobalSection(SolutionProperties) = preSolution
		HideSolutionNode = FALSE
	EndGlobalSection
	GlobalSection(ExtensibilityGlobals) = postSolution
		SolutionGuid = {895C05BE-EC49-4B0D-B960-8128442D2669}
	EndGlobalSection
EndGlobal
