
Microsoft Visual Studio Solution File, Format Version 12.00
# Visual Studio Version 16
VisualStudioVersion = 16.0.29503.13
MinimumVisualStudioVersion = 10.0.40219.1
Project("{FAE04EC0-301F-11D3-BF4B-00C04F79EFBC}") = "DrillStep115", "DrillStep115\DrillStep115.csproj", "{B312E0AD-3501-4512-9060-A8608190425E}"
EndProject
Global
	GlobalSection(SolutionConfigurationPlatforms) = preSolution
		Debug|Any CPU = Debug|Any CPU
		Release|Any CPU = Release|Any CPU
	EndGlobalSection
	GlobalSection(ProjectConfigurationPlatforms) = postSolution
		{B312E0AD-3501-4512-9060-A8608190425E}.Debug|Any CPU.ActiveCfg = Debug|Any CPU
		{B312E0AD-3501-4512-9060-A8608190425E}.Debug|Any CPU.Build.0 = Debug|Any CPU
		{B312E0AD-3501-4512-9060-A8608190425E}.Release|Any CPU.ActiveCfg = Release|Any CPU
		{B312E0AD-3501-4512-9060-A8608190425E}.Release|Any CPU.Build.0 = Release|Any CPU
	EndGlobalSection
	GlobalSection(SolutionProperties) = preSolution
		HideSolutionNode = FALSE
	EndGlobalSection
	GlobalSection(ExtensibilityGlobals) = postSolution
		SolutionGuid = {0D6F44B5-15BA-456A-8F39-C5FA09A1942E}
	EndGlobalSection
EndGlobal
